
Microsoft Visual Studio Solution File, Format Version 12.00
# Visual Studio Version 16
VisualStudioVersion = 16.0.30406.217
MinimumVisualStudioVersion = 10.0.40219.1
Project("{FAE04EC0-301F-11D3-BF4B-00C04F79EFBC}") = "mandelbrotlayout", "mandelbrotlayout.csproj", "{833FB6BA-1C7B-4AC3-A2C7-441D2B699FE6}"
EndProject
Global
	GlobalSection(SolutionConfigurationPlatforms) = preSolution
		Debug|Any CPU = Debug|Any CPU
		Release|Any CPU = Release|Any CPU
	EndGlobalSection
	GlobalSection(ProjectConfigurationPlatforms) = postSolution
		{833FB6BA-1C7B-4AC3-A2C7-441D2B699FE6}.Debug|Any CPU.ActiveCfg = Debug|Any CPU
		{833FB6BA-1C7B-4AC3-A2C7-441D2B699FE6}.Debug|Any CPU.Build.0 = Debug|Any CPU
		{833FB6BA-1C7B-4AC3-A2C7-441D2B699FE6}.Release|Any CPU.ActiveCfg = Release|Any CPU
		{833FB6BA-1C7B-4AC3-A2C7-441D2B699FE6}.Release|Any CPU.Build.0 = Release|Any CPU
	EndGlobalSection
	GlobalSection(SolutionProperties) = preSolution
		HideSolutionNode = FALSE
	EndGlobalSection
	GlobalSection(ExtensibilityGlobals) = postSolution
		SolutionGuid = {C1BC9403-5CBF-4049-9961-BFDF6564A554}
	EndGlobalSection
EndGlobal
